
Microsoft Visual Studio Solution File, Format Version 12.00
# Visual Studio Version 16
VisualStudioVersion = 16.0.29519.181
MinimumVisualStudioVersion = 10.0.40219.1
Project("{FAE04EC0-301F-11D3-BF4B-00C04F79EFBC}") = "PerfumeShop1", "PerfumeShop1.csproj", "{57CDFF89-DC73-4A91-866E-28409DA5019F}"
EndProject
Global
	GlobalSection(SolutionConfigurationPlatforms) = preSolution
		Debug|Any CPU = Debug|Any CPU
		Release|Any CPU = Release|Any CPU
	EndGlobalSection
	GlobalSection(ProjectConfigurationPlatforms) = postSolution
		{57CDFF89-DC73-4A91-866E-28409DA5019F}.Debug|Any CPU.ActiveCfg = Debug|Any CPU
		{57CDFF89-DC73-4A91-866E-28409DA5019F}.Debug|Any CPU.Build.0 = Debug|Any CPU
		{57CDFF89-DC73-4A91-866E-28409DA5019F}.Release|Any CPU.ActiveCfg = Release|Any CPU
		{57CDFF89-DC73-4A91-866E-28409DA5019F}.Release|Any CPU.Build.0 = Release|Any CPU
	EndGlobalSection
	GlobalSection(SolutionProperties) = preSolution
		HideSolutionNode = FALSE
	EndGlobalSection
	GlobalSection(ExtensibilityGlobals) = postSolution
		SolutionGuid = {FC6D4AA2-6B78-44BD-94A0-687A42FDDB77}
	EndGlobalSection
EndGlobal
