
Microsoft Visual Studio Solution File, Format Version 12.00
# Visual Studio Version 16
VisualStudioVersion = 16.0.29613.14
MinimumVisualStudioVersion = 10.0.40219.1
Project("{FAE04EC0-301F-11D3-BF4B-00C04F79EFBC}") = "BooksApp", "BooksApp\BooksApp.csproj", "{EE6ADEED-02E1-4E95-A244-CFCB6CC375CE}"
EndProject
Global
	GlobalSection(SolutionConfigurationPlatforms) = preSolution
		Debug|Any CPU = Debug|Any CPU
		Release|Any CPU = Release|Any CPU
	EndGlobalSection
	GlobalSection(ProjectConfigurationPlatforms) = postSolution
		{EE6ADEED-02E1-4E95-A244-CFCB6CC375CE}.Debug|Any CPU.ActiveCfg = Debug|Any CPU
		{EE6ADEED-02E1-4E95-A244-CFCB6CC375CE}.Debug|Any CPU.Build.0 = Debug|Any CPU
		{EE6ADEED-02E1-4E95-A244-CFCB6CC375CE}.Release|Any CPU.ActiveCfg = Release|Any CPU
		{EE6ADEED-02E1-4E95-A244-CFCB6CC375CE}.Release|Any CPU.Build.0 = Release|Any CPU
	EndGlobalSection
	GlobalSection(SolutionProperties) = preSolution
		HideSolutionNode = FALSE
	EndGlobalSection
	GlobalSection(ExtensibilityGlobals) = postSolution
		SolutionGuid = {28FB4C64-2C53-49E7-8D82-8897E2541F22}
	EndGlobalSection
EndGlobal
