
Microsoft Visual Studio Solution File, Format Version 12.00
# Visual Studio Version 16
VisualStudioVersion = 16.0.29609.76
MinimumVisualStudioVersion = 10.0.40219.1
Project("{FAE04EC0-301F-11D3-BF4B-00C04F79EFBC}") = "WebGradinita", "WebGradinita\WebGradinita.csproj", "{6EBB2CA1-2A90-45A4-A7B4-FE032B44A43C}"
EndProject
Project("{FAE04EC0-301F-11D3-BF4B-00C04F79EFBC}") = "WebGradinita.Tests", "WebGradinita.Tests\WebGradinita.Tests.csproj", "{3C522E7F-06E0-442F-92FA-52989FAB4B90}"
EndProject
Global
	GlobalSection(SolutionConfigurationPlatforms) = preSolution
		Debug|Any CPU = Debug|Any CPU
		Release|Any CPU = Release|Any CPU
	EndGlobalSection
	GlobalSection(ProjectConfigurationPlatforms) = postSolution
		{6EBB2CA1-2A90-45A4-A7B4-FE032B44A43C}.Debug|Any CPU.ActiveCfg = Debug|Any CPU
		{6EBB2CA1-2A90-45A4-A7B4-FE032B44A43C}.Debug|Any CPU.Build.0 = Debug|Any CPU
		{6EBB2CA1-2A90-45A4-A7B4-FE032B44A43C}.Release|Any CPU.ActiveCfg = Release|Any CPU
		{6EBB2CA1-2A90-45A4-A7B4-FE032B44A43C}.Release|Any CPU.Build.0 = Release|Any CPU
		{3C522E7F-06E0-442F-92FA-52989FAB4B90}.Debug|Any CPU.ActiveCfg = Debug|Any CPU
		{3C522E7F-06E0-442F-92FA-52989FAB4B90}.Debug|Any CPU.Build.0 = Debug|Any CPU
		{3C522E7F-06E0-442F-92FA-52989FAB4B90}.Release|Any CPU.ActiveCfg = Release|Any CPU
		{3C522E7F-06E0-442F-92FA-52989FAB4B90}.Release|Any CPU.Build.0 = Release|Any CPU
	EndGlobalSection
	GlobalSection(SolutionProperties) = preSolution
		HideSolutionNode = FALSE
	EndGlobalSection
	GlobalSection(ExtensibilityGlobals) = postSolution
		SolutionGuid = {ECFE2A6F-F7E2-436E-8931-7BB6D6AF0893}
	EndGlobalSection
EndGlobal
