
Microsoft Visual Studio Solution File, Format Version 12.00
# Visual Studio Version 16
VisualStudioVersion = 16.0.29326.143
MinimumVisualStudioVersion = 10.0.40219.1
Project("{FAE04EC0-301F-11D3-BF4B-00C04F79EFBC}") = "WeTestServerApp", "WeTestServerApp\WeTestServerApp.csproj", "{3C12CB22-23A7-4B73-9CF8-86176AED8302}"
EndProject
Global
	GlobalSection(SolutionConfigurationPlatforms) = preSolution
		Debug|Any CPU = Debug|Any CPU
		Release|Any CPU = Release|Any CPU
	EndGlobalSection
	GlobalSection(ProjectConfigurationPlatforms) = postSolution
		{3C12CB22-23A7-4B73-9CF8-86176AED8302}.Debug|Any CPU.ActiveCfg = Debug|Any CPU
		{3C12CB22-23A7-4B73-9CF8-86176AED8302}.Debug|Any CPU.Build.0 = Debug|Any CPU
		{3C12CB22-23A7-4B73-9CF8-86176AED8302}.Release|Any CPU.ActiveCfg = Release|Any CPU
		{3C12CB22-23A7-4B73-9CF8-86176AED8302}.Release|Any CPU.Build.0 = Release|Any CPU
	EndGlobalSection
	GlobalSection(SolutionProperties) = preSolution
		HideSolutionNode = FALSE
	EndGlobalSection
	GlobalSection(ExtensibilityGlobals) = postSolution
		SolutionGuid = {8123423F-4CA7-48D1-9027-26275C3F2F8B}
	EndGlobalSection
EndGlobal
