
Microsoft Visual Studio Solution File, Format Version 12.00
Project("{2150E333-8FDC-42A3-9474-1A3956D46DE8}") = "src", "src", "{76FEC355-C448-481F-A281-E32815B59B40}"
EndProject
Project("{FAE04EC0-301F-11D3-BF4B-00C04F79EFBC}") = "EmailSender", "EmailSender\EmailSender.csproj", "{D3799FFE-EACB-406F-B7FA-FE385FB8CC3C}"
EndProject
Project("{FAE04EC0-301F-11D3-BF4B-00C04F79EFBC}") = "ConsoleApp1", "ConsoleApp1\ConsoleApp1.csproj", "{86F64976-E189-4D50-95F7-581C126F7DE1}"
EndProject
Global
	GlobalSection(SolutionConfigurationPlatforms) = preSolution
		Debug|Any CPU = Debug|Any CPU
		Release|Any CPU = Release|Any CPU
	EndGlobalSection
	GlobalSection(ProjectConfigurationPlatforms) = postSolution
		{3EC9F023-9007-44AB-B118-9D9734B46821}.Debug|Any CPU.ActiveCfg = Debug|Any CPU
		{3EC9F023-9007-44AB-B118-9D9734B46821}.Debug|Any CPU.Build.0 = Debug|Any CPU
		{3EC9F023-9007-44AB-B118-9D9734B46821}.Release|Any CPU.ActiveCfg = Release|Any CPU
		{3EC9F023-9007-44AB-B118-9D9734B46821}.Release|Any CPU.Build.0 = Release|Any CPU
		{D3799FFE-EACB-406F-B7FA-FE385FB8CC3C}.Debug|Any CPU.ActiveCfg = Debug|Any CPU
		{D3799FFE-EACB-406F-B7FA-FE385FB8CC3C}.Debug|Any CPU.Build.0 = Debug|Any CPU
		{D3799FFE-EACB-406F-B7FA-FE385FB8CC3C}.Release|Any CPU.ActiveCfg = Release|Any CPU
		{D3799FFE-EACB-406F-B7FA-FE385FB8CC3C}.Release|Any CPU.Build.0 = Release|Any CPU
		{86F64976-E189-4D50-95F7-581C126F7DE1}.Debug|Any CPU.ActiveCfg = Debug|Any CPU
		{86F64976-E189-4D50-95F7-581C126F7DE1}.Debug|Any CPU.Build.0 = Debug|Any CPU
		{86F64976-E189-4D50-95F7-581C126F7DE1}.Release|Any CPU.ActiveCfg = Release|Any CPU
		{86F64976-E189-4D50-95F7-581C126F7DE1}.Release|Any CPU.Build.0 = Release|Any CPU
	EndGlobalSection
	GlobalSection(NestedProjects) = preSolution
		{D3799FFE-EACB-406F-B7FA-FE385FB8CC3C} = {76FEC355-C448-481F-A281-E32815B59B40}
		{86F64976-E189-4D50-95F7-581C126F7DE1} = {76FEC355-C448-481F-A281-E32815B59B40}
	EndGlobalSection
EndGlobal
