
Microsoft Visual Studio Solution File, Format Version 12.00
# Visual Studio Version 16
VisualStudioVersion = 16.0.29424.173
MinimumVisualStudioVersion = 10.0.40219.1
Project("{FAE04EC0-301F-11D3-BF4B-00C04F79EFBC}") = "MyPlanner", "MyPlanner\MyPlanner.csproj", "{E62A9DFC-FC70-4CFE-96D9-4C8578D9C0FD}"
EndProject
Global
	GlobalSection(SolutionConfigurationPlatforms) = preSolution
		Debug|Any CPU = Debug|Any CPU
		Release|Any CPU = Release|Any CPU
	EndGlobalSection
	GlobalSection(ProjectConfigurationPlatforms) = postSolution
		{E62A9DFC-FC70-4CFE-96D9-4C8578D9C0FD}.Debug|Any CPU.ActiveCfg = Debug|Any CPU
		{E62A9DFC-FC70-4CFE-96D9-4C8578D9C0FD}.Debug|Any CPU.Build.0 = Debug|Any CPU
		{E62A9DFC-FC70-4CFE-96D9-4C8578D9C0FD}.Release|Any CPU.ActiveCfg = Release|Any CPU
		{E62A9DFC-FC70-4CFE-96D9-4C8578D9C0FD}.Release|Any CPU.Build.0 = Release|Any CPU
	EndGlobalSection
	GlobalSection(SolutionProperties) = preSolution
		HideSolutionNode = FALSE
	EndGlobalSection
	GlobalSection(ExtensibilityGlobals) = postSolution
		SolutionGuid = {08FA3EBC-4933-4861-A41B-BD7F0503F543}
	EndGlobalSection
EndGlobal
