
Microsoft Visual Studio Solution File, Format Version 12.00
# Visual Studio 15
VisualStudioVersion = 15.0.28307.489
MinimumVisualStudioVersion = 10.0.40219.1
Project("{FAE04EC0-301F-11D3-BF4B-00C04F79EFBC}") = "APPicolaReceiver", "APPicolaReceiver\APPicolaReceiver.csproj", "{78C21321-7207-4E5B-AAF2-5997CEFF1BDE}"
EndProject
Global
	GlobalSection(SolutionConfigurationPlatforms) = preSolution
		Debug|Any CPU = Debug|Any CPU
		Release|Any CPU = Release|Any CPU
	EndGlobalSection
	GlobalSection(ProjectConfigurationPlatforms) = postSolution
		{78C21321-7207-4E5B-AAF2-5997CEFF1BDE}.Debug|Any CPU.ActiveCfg = Debug|Any CPU
		{78C21321-7207-4E5B-AAF2-5997CEFF1BDE}.Debug|Any CPU.Build.0 = Debug|Any CPU
		{78C21321-7207-4E5B-AAF2-5997CEFF1BDE}.Release|Any CPU.ActiveCfg = Release|Any CPU
		{78C21321-7207-4E5B-AAF2-5997CEFF1BDE}.Release|Any CPU.Build.0 = Release|Any CPU
	EndGlobalSection
	GlobalSection(SolutionProperties) = preSolution
		HideSolutionNode = FALSE
	EndGlobalSection
	GlobalSection(ExtensibilityGlobals) = postSolution
		SolutionGuid = {D47E533D-7908-4BAB-8B78-166FFA016EBA}
	EndGlobalSection
EndGlobal
