
Microsoft Visual Studio Solution File, Format Version 12.00
# Visual Studio Version 16
VisualStudioVersion = 16.0.29613.14
MinimumVisualStudioVersion = 10.0.40219.1
Project("{FAE04EC0-301F-11D3-BF4B-00C04F79EFBC}") = "lhotelsApp", "lhotelsApp\lhotelsApp.csproj", "{F65DB06F-49B5-4C12-A0AD-CE21719A823E}"
EndProject
Global
	GlobalSection(SolutionConfigurationPlatforms) = preSolution
		Debug|Any CPU = Debug|Any CPU
		Release|Any CPU = Release|Any CPU
	EndGlobalSection
	GlobalSection(ProjectConfigurationPlatforms) = postSolution
		{F65DB06F-49B5-4C12-A0AD-CE21719A823E}.Debug|Any CPU.ActiveCfg = Debug|Any CPU
		{F65DB06F-49B5-4C12-A0AD-CE21719A823E}.Debug|Any CPU.Build.0 = Debug|Any CPU
		{F65DB06F-49B5-4C12-A0AD-CE21719A823E}.Release|Any CPU.ActiveCfg = Release|Any CPU
		{F65DB06F-49B5-4C12-A0AD-CE21719A823E}.Release|Any CPU.Build.0 = Release|Any CPU
	EndGlobalSection
	GlobalSection(SolutionProperties) = preSolution
		HideSolutionNode = FALSE
	EndGlobalSection
	GlobalSection(ExtensibilityGlobals) = postSolution
		SolutionGuid = {AB59E6F5-4283-4402-B77A-660FE1E871FC}
	EndGlobalSection
EndGlobal
