
Microsoft Visual Studio Solution File, Format Version 12.00
Project("{FAE04EC0-301F-11D3-BF4B-00C04F79EFBC}") = "SOLID.Samples", "SOLID.Samples\SOLID.Samples.csproj", "{5D36AB4D-211B-4E67-8048-168F656E40EE}"
EndProject
Global
	GlobalSection(SolutionConfigurationPlatforms) = preSolution
		Debug|Any CPU = Debug|Any CPU
		Release|Any CPU = Release|Any CPU
	EndGlobalSection
	GlobalSection(ProjectConfigurationPlatforms) = postSolution
		{5D36AB4D-211B-4E67-8048-168F656E40EE}.Debug|Any CPU.ActiveCfg = Debug|Any CPU
		{5D36AB4D-211B-4E67-8048-168F656E40EE}.Debug|Any CPU.Build.0 = Debug|Any CPU
		{5D36AB4D-211B-4E67-8048-168F656E40EE}.Release|Any CPU.ActiveCfg = Release|Any CPU
		{5D36AB4D-211B-4E67-8048-168F656E40EE}.Release|Any CPU.Build.0 = Release|Any CPU
	EndGlobalSection
EndGlobal
