
Microsoft Visual Studio Solution File, Format Version 12.00
# Visual Studio 15
VisualStudioVersion = 15.0.28307.572
MinimumVisualStudioVersion = 10.0.40219.1
Project("{FAE04EC0-301F-11D3-BF4B-00C04F79EFBC}") = "TakeAuctionReceiver", "TakeAuctionReciever\TakeAuctionReceiver.csproj", "{A2D157F9-7F39-4758-9CE3-BBD24324EA38}"
EndProject
Global
	GlobalSection(SolutionConfigurationPlatforms) = preSolution
		Debug|Any CPU = Debug|Any CPU
		Release|Any CPU = Release|Any CPU
	EndGlobalSection
	GlobalSection(ProjectConfigurationPlatforms) = postSolution
		{A2D157F9-7F39-4758-9CE3-BBD24324EA38}.Debug|Any CPU.ActiveCfg = Debug|Any CPU
		{A2D157F9-7F39-4758-9CE3-BBD24324EA38}.Debug|Any CPU.Build.0 = Debug|Any CPU
		{A2D157F9-7F39-4758-9CE3-BBD24324EA38}.Release|Any CPU.ActiveCfg = Release|Any CPU
		{A2D157F9-7F39-4758-9CE3-BBD24324EA38}.Release|Any CPU.Build.0 = Release|Any CPU
	EndGlobalSection
	GlobalSection(SolutionProperties) = preSolution
		HideSolutionNode = FALSE
	EndGlobalSection
	GlobalSection(ExtensibilityGlobals) = postSolution
		SolutionGuid = {BB3B85C3-4011-49DF-BA64-F5C0C469F6B5}
	EndGlobalSection
EndGlobal
