
Microsoft Visual Studio Solution File, Format Version 12.00
# Visual Studio 15
VisualStudioVersion = 15.0.27428.2005
MinimumVisualStudioVersion = 10.0.40219.1
Project("{FAE04EC0-301F-11D3-BF4B-00C04F79EFBC}") = "SkinShopCSGO", "SkinShopCSGO\SkinShopCSGO.csproj", "{0F1BD588-05A4-4ABC-91AA-FC5FEA5EDDEA}"
EndProject
Project("{FAE04EC0-301F-11D3-BF4B-00C04F79EFBC}") = "SkinShopCSGO.Tests", "SkinShopCSGO.Tests\SkinShopCSGO.Tests.csproj", "{A003A21B-9A73-49A3-93EE-0084B557D819}"
EndProject
Global
	GlobalSection(SolutionConfigurationPlatforms) = preSolution
		Debug|Any CPU = Debug|Any CPU
		Release|Any CPU = Release|Any CPU
	EndGlobalSection
	GlobalSection(ProjectConfigurationPlatforms) = postSolution
		{0F1BD588-05A4-4ABC-91AA-FC5FEA5EDDEA}.Debug|Any CPU.ActiveCfg = Debug|Any CPU
		{0F1BD588-05A4-4ABC-91AA-FC5FEA5EDDEA}.Debug|Any CPU.Build.0 = Debug|Any CPU
		{0F1BD588-05A4-4ABC-91AA-FC5FEA5EDDEA}.Release|Any CPU.ActiveCfg = Release|Any CPU
		{0F1BD588-05A4-4ABC-91AA-FC5FEA5EDDEA}.Release|Any CPU.Build.0 = Release|Any CPU
		{A003A21B-9A73-49A3-93EE-0084B557D819}.Debug|Any CPU.ActiveCfg = Debug|Any CPU
		{A003A21B-9A73-49A3-93EE-0084B557D819}.Debug|Any CPU.Build.0 = Debug|Any CPU
		{A003A21B-9A73-49A3-93EE-0084B557D819}.Release|Any CPU.ActiveCfg = Release|Any CPU
		{A003A21B-9A73-49A3-93EE-0084B557D819}.Release|Any CPU.Build.0 = Release|Any CPU
	EndGlobalSection
	GlobalSection(SolutionProperties) = preSolution
		HideSolutionNode = FALSE
	EndGlobalSection
	GlobalSection(ExtensibilityGlobals) = postSolution
		SolutionGuid = {BC0EA687-2B95-4587-8C3E-29FB7430300E}
	EndGlobalSection
EndGlobal
