
Microsoft Visual Studio Solution File, Format Version 12.00
# Visual Studio Version 16
VisualStudioVersion = 16.0.29424.173
MinimumVisualStudioVersion = 10.0.40219.1
Project("{FAE04EC0-301F-11D3-BF4B-00C04F79EFBC}") = "TeacherMVC", "TeacherMVC.csproj", "{0E03DE12-EC72-4BDF-85C3-D4D08EE629AB}"
EndProject
Global
	GlobalSection(SolutionConfigurationPlatforms) = preSolution
		Debug|Any CPU = Debug|Any CPU
		Release|Any CPU = Release|Any CPU
	EndGlobalSection
	GlobalSection(ProjectConfigurationPlatforms) = postSolution
		{0E03DE12-EC72-4BDF-85C3-D4D08EE629AB}.Debug|Any CPU.ActiveCfg = Debug|Any CPU
		{0E03DE12-EC72-4BDF-85C3-D4D08EE629AB}.Debug|Any CPU.Build.0 = Debug|Any CPU
		{0E03DE12-EC72-4BDF-85C3-D4D08EE629AB}.Release|Any CPU.ActiveCfg = Release|Any CPU
		{0E03DE12-EC72-4BDF-85C3-D4D08EE629AB}.Release|Any CPU.Build.0 = Release|Any CPU
	EndGlobalSection
	GlobalSection(SolutionProperties) = preSolution
		HideSolutionNode = FALSE
	EndGlobalSection
	GlobalSection(ExtensibilityGlobals) = postSolution
		SolutionGuid = {704693B7-45C3-471B-9B05-787FB4D44CC3}
	EndGlobalSection
EndGlobal
