
Microsoft Visual Studio Solution File, Format Version 12.00
# Visual Studio Version 16
VisualStudioVersion = 16.0.29613.14
MinimumVisualStudioVersion = 10.0.40219.1
Project("{9A19103F-16F7-4668-BE54-9A1E7A4F7556}") = "WeTest", "WeTest\WeTest.csproj", "{B1E0A769-CAA7-4873-AD4F-3457A13A8103}"
EndProject
Project("{FAE04EC0-301F-11D3-BF4B-00C04F79EFBC}") = "XUnitTestProjectFor_WeTest", "XUnitTestProjectFor_WeTest\XUnitTestProjectFor_WeTest.csproj", "{625118DE-ECD0-43CC-B6F2-A20882333D51}"
EndProject
Global
	GlobalSection(SolutionConfigurationPlatforms) = preSolution
		Debug|Any CPU = Debug|Any CPU
		Release|Any CPU = Release|Any CPU
	EndGlobalSection
	GlobalSection(ProjectConfigurationPlatforms) = postSolution
		{B1E0A769-CAA7-4873-AD4F-3457A13A8103}.Debug|Any CPU.ActiveCfg = Debug|Any CPU
		{B1E0A769-CAA7-4873-AD4F-3457A13A8103}.Debug|Any CPU.Build.0 = Debug|Any CPU
		{B1E0A769-CAA7-4873-AD4F-3457A13A8103}.Release|Any CPU.ActiveCfg = Release|Any CPU
		{B1E0A769-CAA7-4873-AD4F-3457A13A8103}.Release|Any CPU.Build.0 = Release|Any CPU
		{625118DE-ECD0-43CC-B6F2-A20882333D51}.Debug|Any CPU.ActiveCfg = Debug|Any CPU
		{625118DE-ECD0-43CC-B6F2-A20882333D51}.Debug|Any CPU.Build.0 = Debug|Any CPU
		{625118DE-ECD0-43CC-B6F2-A20882333D51}.Release|Any CPU.ActiveCfg = Release|Any CPU
		{625118DE-ECD0-43CC-B6F2-A20882333D51}.Release|Any CPU.Build.0 = Release|Any CPU
	EndGlobalSection
	GlobalSection(SolutionProperties) = preSolution
		HideSolutionNode = FALSE
	EndGlobalSection
	GlobalSection(ExtensibilityGlobals) = postSolution
		SolutionGuid = {EC62C64A-2BA9-4BEC-9776-C0B50291DB09}
	EndGlobalSection
EndGlobal
