
Microsoft Visual Studio Solution File, Format Version 12.00
# Visual Studio Version 16
VisualStudioVersion = 16.0.29424.173
MinimumVisualStudioVersion = 10.0.40219.1
Project("{FAE04EC0-301F-11D3-BF4B-00C04F79EFBC}") = "PedagogMVC", "PedagogMVC.csproj", "{A86286B2-D699-4F82-BC95-EF69EFC8E9CA}"
EndProject
Global
	GlobalSection(SolutionConfigurationPlatforms) = preSolution
		Debug|Any CPU = Debug|Any CPU
		Release|Any CPU = Release|Any CPU
	EndGlobalSection
	GlobalSection(ProjectConfigurationPlatforms) = postSolution
		{A86286B2-D699-4F82-BC95-EF69EFC8E9CA}.Debug|Any CPU.ActiveCfg = Debug|Any CPU
		{A86286B2-D699-4F82-BC95-EF69EFC8E9CA}.Debug|Any CPU.Build.0 = Debug|Any CPU
		{A86286B2-D699-4F82-BC95-EF69EFC8E9CA}.Release|Any CPU.ActiveCfg = Release|Any CPU
		{A86286B2-D699-4F82-BC95-EF69EFC8E9CA}.Release|Any CPU.Build.0 = Release|Any CPU
	EndGlobalSection
	GlobalSection(SolutionProperties) = preSolution
		HideSolutionNode = FALSE
	EndGlobalSection
	GlobalSection(ExtensibilityGlobals) = postSolution
		SolutionGuid = {4132A7D4-B496-4FCE-869C-5F222E9E1BBF}
	EndGlobalSection
EndGlobal
