
Microsoft Visual Studio Solution File, Format Version 12.00
# Visual Studio 15
VisualStudioVersion = 15.0.28307.271
MinimumVisualStudioVersion = 10.0.40219.1
Project("{FAE04EC0-301F-11D3-BF4B-00C04F79EFBC}") = "Proiectfinalpssc", "Proiectfinalpssc\Proiectfinalpssc.csproj", "{756BBBC4-DD25-468A-B678-F631EDB5FCA7}"
EndProject
Project("{FAE04EC0-301F-11D3-BF4B-00C04F79EFBC}") = "Inbox", "Inbox\Inbox.csproj", "{F7062E3B-8DAE-437E-BB79-4EFDF27177AB}"
	ProjectSection(ProjectDependencies) = postProject
		{756BBBC4-DD25-468A-B678-F631EDB5FCA7} = {756BBBC4-DD25-468A-B678-F631EDB5FCA7}
	EndProjectSection
EndProject
Global
	GlobalSection(SolutionConfigurationPlatforms) = preSolution
		Debug|Any CPU = Debug|Any CPU
		Release|Any CPU = Release|Any CPU
	EndGlobalSection
	GlobalSection(ProjectConfigurationPlatforms) = postSolution
		{756BBBC4-DD25-468A-B678-F631EDB5FCA7}.Debug|Any CPU.ActiveCfg = Debug|Any CPU
		{756BBBC4-DD25-468A-B678-F631EDB5FCA7}.Debug|Any CPU.Build.0 = Debug|Any CPU
		{756BBBC4-DD25-468A-B678-F631EDB5FCA7}.Release|Any CPU.ActiveCfg = Release|Any CPU
		{756BBBC4-DD25-468A-B678-F631EDB5FCA7}.Release|Any CPU.Build.0 = Release|Any CPU
		{F7062E3B-8DAE-437E-BB79-4EFDF27177AB}.Debug|Any CPU.ActiveCfg = Debug|Any CPU
		{F7062E3B-8DAE-437E-BB79-4EFDF27177AB}.Debug|Any CPU.Build.0 = Debug|Any CPU
		{F7062E3B-8DAE-437E-BB79-4EFDF27177AB}.Release|Any CPU.ActiveCfg = Release|Any CPU
		{F7062E3B-8DAE-437E-BB79-4EFDF27177AB}.Release|Any CPU.Build.0 = Release|Any CPU
	EndGlobalSection
	GlobalSection(SolutionProperties) = preSolution
		HideSolutionNode = FALSE
	EndGlobalSection
	GlobalSection(ExtensibilityGlobals) = postSolution
		SolutionGuid = {2DE7222A-FC5D-435A-92F5-25D61166F56E}
	EndGlobalSection
EndGlobal
