
Microsoft Visual Studio Solution File, Format Version 12.00
# Visual Studio 15
VisualStudioVersion = 15.0.28307.572
MinimumVisualStudioVersion = 10.0.40219.1
Project("{FAE04EC0-301F-11D3-BF4B-00C04F79EFBC}") = "GestiuneElevi", "GestiuneElevi\GestiuneElevi.csproj", "{FBC12155-DCEC-404B-B843-AB8D6F7F4AB2}"
EndProject
Global
	GlobalSection(SolutionConfigurationPlatforms) = preSolution
		Debug|Any CPU = Debug|Any CPU
		Release|Any CPU = Release|Any CPU
	EndGlobalSection
	GlobalSection(ProjectConfigurationPlatforms) = postSolution
		{FBC12155-DCEC-404B-B843-AB8D6F7F4AB2}.Debug|Any CPU.ActiveCfg = Debug|Any CPU
		{FBC12155-DCEC-404B-B843-AB8D6F7F4AB2}.Debug|Any CPU.Build.0 = Debug|Any CPU
		{FBC12155-DCEC-404B-B843-AB8D6F7F4AB2}.Release|Any CPU.ActiveCfg = Release|Any CPU
		{FBC12155-DCEC-404B-B843-AB8D6F7F4AB2}.Release|Any CPU.Build.0 = Release|Any CPU
	EndGlobalSection
	GlobalSection(SolutionProperties) = preSolution
		HideSolutionNode = FALSE
	EndGlobalSection
	GlobalSection(ExtensibilityGlobals) = postSolution
		SolutionGuid = {8757EF09-E31F-4B1A-8A8D-9B5919C804A4}
	EndGlobalSection
EndGlobal
